
Microsoft Visual Studio Solution File, Format Version 12.00
# Visual Studio Version 18
VisualStudioVersion = 18.4.11605.240 stable
MinimumVisualStudioVersion = 10.0.40219.1
Project("{FAE04EC0-301F-11D3-BF4B-00C04F79EFBC}") = "Sharp3DRbxAvatar", "Sharp3DRbxAvatar.csproj", "{D5C5D0AB-1E71-4AA2-9C45-55911E0FA744}"
EndProject
Global
	GlobalSection(SolutionConfigurationPlatforms) = preSolution
		Debug|Any CPU = Debug|Any CPU
		Release|Any CPU = Release|Any CPU
	EndGlobalSection
	GlobalSection(ProjectConfigurationPlatforms) = postSolution
		{D5C5D0AB-1E71-4AA2-9C45-55911E0FA744}.Debug|Any CPU.ActiveCfg = Debug|Any CPU
		{D5C5D0AB-1E71-4AA2-9C45-55911E0FA744}.Debug|Any CPU.Build.0 = Debug|Any CPU
		{D5C5D0AB-1E71-4AA2-9C45-55911E0FA744}.Release|Any CPU.ActiveCfg = Release|Any CPU
		{D5C5D0AB-1E71-4AA2-9C45-55911E0FA744}.Release|Any CPU.Build.0 = Release|Any CPU
	EndGlobalSection
	GlobalSection(SolutionProperties) = preSolution
		HideSolutionNode = FALSE
	EndGlobalSection
	GlobalSection(ExtensibilityGlobals) = postSolution
		SolutionGuid = {5AF29A9D-1FE4-4BBD-8664-6A429170AEB5}
	EndGlobalSection
EndGlobal
